// !$*UTF8*$!
{
	archiveVersion = 1;
	classes = {
	};
	objectVersion = 46;
	objects = {

/* Begin PBXBuildFile section */
		3BC970CF1CB7ABE4007461F4 /* LINKEssenceViewController.m in Sources */ = {isa = PBXBuildFile; fileRef = 3BC970AA1CB7ABE4007461F4 /* LINKEssenceViewController.m */; };
		3BC970D01CB7ABE4007461F4 /* LINKFriendTrendsViewController.m in Sources */ = {isa = PBXBuildFile; fileRef = 3BC970B01CB7ABE4007461F4 /* LINKFriendTrendsViewController.m */; };
		3BC970D11CB7ABE4007461F4 /* LINKMeViewController.m in Sources */ = {isa = PBXBuildFile; fileRef = 3BC970B61CB7ABE4007461F4 /* LINKMeViewController.m */; };
		3BC970D21CB7ABE4007461F4 /* LINKNewViewController.m in Sources */ = {isa = PBXBuildFile; fileRef = 3BC970BC1CB7ABE4007461F4 /* LINKNewViewController.m */; };
		3BC970D31CB7ABE4007461F4 /* AppDelegate.m in Sources */ = {isa = PBXBuildFile; fileRef = 3BC970C11CB7ABE4007461F4 /* AppDelegate.m */; };
		3BC970D41CB7ABE4007461F4 /* UIBarButtonItem+LINKExtension.m in Sources */ = {isa = PBXBuildFile; fileRef = 3BC970C41CB7ABE4007461F4 /* UIBarButtonItem+LINKExtension.m */; };
		3BC970D51CB7ABE4007461F4 /* UIView+LINKExtension.m in Sources */ = {isa = PBXBuildFile; fileRef = 3BC970C61CB7ABE4007461F4 /* UIView+LINKExtension.m */; };
		3BC970D61CB7ABE4007461F4 /* LINKTabBarController.m in Sources */ = {isa = PBXBuildFile; fileRef = 3BC970C91CB7ABE4007461F4 /* LINKTabBarController.m */; };
		3BC970D71CB7ABE4007461F4 /* main.m in Sources */ = {isa = PBXBuildFile; fileRef = 3BC970CA1CB7ABE4007461F4 /* main.m */; };
		3BC970D81CB7ABE4007461F4 /* LINKTabBar.m in Sources */ = {isa = PBXBuildFile; fileRef = 3BC970CE1CB7ABE4007461F4 /* LINKTabBar.m */; };
		3BC9712A1CB8290D007461F4 /* LINKNavigationController.m in Sources */ = {isa = PBXBuildFile; fileRef = 3BC971291CB8290D007461F4 /* LINKNavigationController.m */; };
		3BF6C0191CB55408006486C2 /* Assets.xcassets in Resources */ = {isa = PBXBuildFile; fileRef = 3BF6C0181CB55408006486C2 /* Assets.xcassets */; };
		3BF6C0271CB55408006486C2 /* Test_BSTests.m in Sources */ = {isa = PBXBuildFile; fileRef = 3BF6C0261CB55408006486C2 /* Test_BSTests.m */; };
		3BF6C0321CB55408006486C2 /* Test_BSUITests.m in Sources */ = {isa = PBXBuildFile; fileRef = 3BF6C0311CB55408006486C2 /* Test_BSUITests.m */; };
/* End PBXBuildFile section */

/* Begin PBXContainerItemProxy section */
		3BF6C0231CB55408006486C2 /* PBXContainerItemProxy */ = {
			isa = PBXContainerItemProxy;
			containerPortal = 3BF6C0011CB55408006486C2 /* Project object */;
			proxyType = 1;
			remoteGlobalIDString = 3BF6C0081CB55408006486C2;
			remoteInfo = "Test-BS";
		};
		3BF6C02E1CB55408006486C2 /* PBXContainerItemProxy */ = {
			isa = PBXContainerItemProxy;
			containerPortal = 3BF6C0011CB55408006486C2 /* Project object */;
			proxyType = 1;
			remoteGlobalIDString = 3BF6C0081CB55408006486C2;
			remoteInfo = "Test-BS";
		};
/* End PBXContainerItemProxy section */

/* Begin PBXFileReference section */
		3BC970A91CB7ABE4007461F4 /* LINKEssenceViewController.h */ = {isa = PBXFileReference; fileEncoding = 4; lastKnownFileType = sourcecode.c.h; path = LINKEssenceViewController.h; sourceTree = "<group>"; };
		3BC970AA1CB7ABE4007461F4 /* LINKEssenceViewController.m */ = {isa = PBXFileReference; fileEncoding = 4; lastKnownFileType = sourcecode.c.objc; path = LINKEssenceViewController.m; sourceTree = "<group>"; };
		3BC970AF1CB7ABE4007461F4 /* LINKFriendTrendsViewController.h */ = {isa = PBXFileReference; fileEncoding = 4; lastKnownFileType = sourcecode.c.h; path = LINKFriendTrendsViewController.h; sourceTree = "<group>"; };
		3BC970B01CB7ABE4007461F4 /* LINKFriendTrendsViewController.m */ = {isa = PBXFileReference; fileEncoding = 4; lastKnownFileType = sourcecode.c.objc; path = LINKFriendTrendsViewController.m; sourceTree = "<group>"; };
		3BC970B51CB7ABE4007461F4 /* LINKMeViewController.h */ = {isa = PBXFileReference; fileEncoding = 4; lastKnownFileType = sourcecode.c.h; path = LINKMeViewController.h; sourceTree = "<group>"; };
		3BC970B61CB7ABE4007461F4 /* LINKMeViewController.m */ = {isa = PBXFileReference; fileEncoding = 4; lastKnownFileType = sourcecode.c.objc; path = LINKMeViewController.m; sourceTree = "<group>"; };
		3BC970BB1CB7ABE4007461F4 /* LINKNewViewController.h */ = {isa = PBXFileReference; fileEncoding = 4; lastKnownFileType = sourcecode.c.h; path = LINKNewViewController.h; sourceTree = "<group>"; };
		3BC970BC1CB7ABE4007461F4 /* LINKNewViewController.m */ = {isa = PBXFileReference; fileEncoding = 4; lastKnownFileType = sourcecode.c.objc; path = LINKNewViewController.m; sourceTree = "<group>"; };
		3BC970C01CB7ABE4007461F4 /* AppDelegate.h */ = {isa = PBXFileReference; fileEncoding = 4; lastKnownFileType = sourcecode.c.h; path = AppDelegate.h; sourceTree = "<group>"; };
		3BC970C11CB7ABE4007461F4 /* AppDelegate.m */ = {isa = PBXFileReference; fileEncoding = 4; lastKnownFileType = sourcecode.c.objc; path = AppDelegate.m; sourceTree = "<group>"; };
		3BC970C31CB7ABE4007461F4 /* UIBarButtonItem+LINKExtension.h */ = {isa = PBXFileReference; fileEncoding = 4; lastKnownFileType = sourcecode.c.h; path = "UIBarButtonItem+LINKExtension.h"; sourceTree = "<group>"; };
		3BC970C41CB7ABE4007461F4 /* UIBarButtonItem+LINKExtension.m */ = {isa = PBXFileReference; fileEncoding = 4; lastKnownFileType = sourcecode.c.objc; path = "UIBarButtonItem+LINKExtension.m"; sourceTree = "<group>"; };
		3BC970C51CB7ABE4007461F4 /* UIView+LINKExtension.h */ = {isa = PBXFileReference; fileEncoding = 4; lastKnownFileType = sourcecode.c.h; path = "UIView+LINKExtension.h"; sourceTree = "<group>"; };
		3BC970C61CB7ABE4007461F4 /* UIView+LINKExtension.m */ = {isa = PBXFileReference; fileEncoding = 4; lastKnownFileType = sourcecode.c.objc; path = "UIView+LINKExtension.m"; sourceTree = "<group>"; };
		3BC970C81CB7ABE4007461F4 /* LINKTabBarController.h */ = {isa = PBXFileReference; fileEncoding = 4; lastKnownFileType = sourcecode.c.h; path = LINKTabBarController.h; sourceTree = "<group>"; };
		3BC970C91CB7ABE4007461F4 /* LINKTabBarController.m */ = {isa = PBXFileReference; fileEncoding = 4; lastKnownFileType = sourcecode.c.objc; path = LINKTabBarController.m; sourceTree = "<group>"; };
		3BC970CA1CB7ABE4007461F4 /* main.m */ = {isa = PBXFileReference; fileEncoding = 4; lastKnownFileType = sourcecode.c.objc; path = main.m; sourceTree = "<group>"; };
		3BC970CB1CB7ABE4007461F4 /* PrefixHeader.pch */ = {isa = PBXFileReference; fileEncoding = 4; lastKnownFileType = sourcecode.c.h; path = PrefixHeader.pch; sourceTree = "<group>"; };
		3BC970CD1CB7ABE4007461F4 /* LINKTabBar.h */ = {isa = PBXFileReference; fileEncoding = 4; lastKnownFileType = sourcecode.c.h; path = LINKTabBar.h; sourceTree = "<group>"; };
		3BC970CE1CB7ABE4007461F4 /* LINKTabBar.m */ = {isa = PBXFileReference; fileEncoding = 4; lastKnownFileType = sourcecode.c.objc; path = LINKTabBar.m; sourceTree = "<group>"; };
		3BC971281CB8290D007461F4 /* LINKNavigationController.h */ = {isa = PBXFileReference; fileEncoding = 4; lastKnownFileType = sourcecode.c.h; path = LINKNavigationController.h; sourceTree = "<group>"; };
		3BC971291CB8290D007461F4 /* LINKNavigationController.m */ = {isa = PBXFileReference; fileEncoding = 4; lastKnownFileType = sourcecode.c.objc; path = LINKNavigationController.m; sourceTree = "<group>"; };
		3BF6C0091CB55408006486C2 /* Test-BS.app */ = {isa = PBXFileReference; explicitFileType = wrapper.application; includeInIndex = 0; path = "Test-BS.app"; sourceTree = BUILT_PRODUCTS_DIR; };
		3BF6C0181CB55408006486C2 /* Assets.xcassets */ = {isa = PBXFileReference; lastKnownFileType = folder.assetcatalog; path = Assets.xcassets; sourceTree = "<group>"; };
		3BF6C01D1CB55408006486C2 /* Info.plist */ = {isa = PBXFileReference; lastKnownFileType = text.plist.xml; path = Info.plist; sourceTree = "<group>"; };
		3BF6C0221CB55408006486C2 /* Test-BSTests.xctest */ = {isa = PBXFileReference; explicitFileType = wrapper.cfbundle; includeInIndex = 0; path = "Test-BSTests.xctest"; sourceTree = BUILT_PRODUCTS_DIR; };
		3BF6C0261CB55408006486C2 /* Test_BSTests.m */ = {isa = PBXFileReference; lastKnownFileType = sourcecode.c.objc; path = Test_BSTests.m; sourceTree = "<group>"; };
		3BF6C0281CB55408006486C2 /* Info.plist */ = {isa = PBXFileReference; lastKnownFileType = text.plist.xml; path = Info.plist; sourceTree = "<group>"; };
		3BF6C02D1CB55408006486C2 /* Test-BSUITests.xctest */ = {isa = PBXFileReference; explicitFileType = wrapper.cfbundle; includeInIndex = 0; path = "Test-BSUITests.xctest"; sourceTree = BUILT_PRODUCTS_DIR; };
		3BF6C0311CB55408006486C2 /* Test_BSUITests.m */ = {isa = PBXFileReference; lastKnownFileType = sourcecode.c.objc; path = Test_BSUITests.m; sourceTree = "<group>"; };
		3BF6C0331CB55408006486C2 /* Info.plist */ = {isa = PBXFileReference; lastKnownFileType = text.plist.xml; path = Info.plist; sourceTree = "<group>"; };
/* End PBXFileReference section */

/* Begin PBXFrameworksBuildPhase section */
		3BF6C0061CB55408006486C2 /* Frameworks */ = {
			isa = PBXFrameworksBuildPhase;
			buildActionMask = 2147483647;
			files = (
			);
			runOnlyForDeploymentPostprocessing = 0;
		};
		3BF6C01F1CB55408006486C2 /* Frameworks */ = {
			isa = PBXFrameworksBuildPhase;
			buildActionMask = 2147483647;
			files = (
			);
			runOnlyForDeploymentPostprocessing = 0;
		};
		3BF6C02A1CB55408006486C2 /* Frameworks */ = {
			isa = PBXFrameworksBuildPhase;
			buildActionMask = 2147483647;
			files = (
			);
			runOnlyForDeploymentPostprocessing = 0;
		};
/* End PBXFrameworksBuildPhase section */

/* Begin PBXGroup section */
		3BC970A61CB7ABE4007461F4 /* Classes */ = {
			isa = PBXGroup;
			children = (
				3BC970A71CB7ABE4007461F4 /* Essence */,
				3BC970B91CB7ABE4007461F4 /* NewPost */,
				3BC970AD1CB7ABE4007461F4 /* FriendTrends */,
				3BC970B31CB7ABE4007461F4 /* Me */,
				3BC970BF1CB7ABE4007461F4 /* Others */,
			);
			path = Classes;
			sourceTree = "<group>";
		};
		3BC970A71CB7ABE4007461F4 /* Essence */ = {
			isa = PBXGroup;
			children = (
				3BC970A81CB7ABE4007461F4 /* Controller */,
				3BC970AB1CB7ABE4007461F4 /* Model */,
				3BC970AC1CB7ABE4007461F4 /* View */,
			);
			path = Essence;
			sourceTree = "<group>";
		};
		3BC970A81CB7ABE4007461F4 /* Controller */ = {
			isa = PBXGroup;
			children = (
				3BC970A91CB7ABE4007461F4 /* LINKEssenceViewController.h */,
				3BC970AA1CB7ABE4007461F4 /* LINKEssenceViewController.m */,
			);
			path = Controller;
			sourceTree = "<group>";
		};
		3BC970AB1CB7ABE4007461F4 /* Model */ = {
			isa = PBXGroup;
			children = (
			);
			path = Model;
			sourceTree = "<group>";
		};
		3BC970AC1CB7ABE4007461F4 /* View */ = {
			isa = PBXGroup;
			children = (
			);
			path = View;
			sourceTree = "<group>";
		};
		3BC970AD1CB7ABE4007461F4 /* FriendTrends */ = {
			isa = PBXGroup;
			children = (
				3BC970AE1CB7ABE4007461F4 /* Controller */,
				3BC970B11CB7ABE4007461F4 /* Model */,
				3BC970B21CB7ABE4007461F4 /* View */,
			);
			path = FriendTrends;
			sourceTree = "<group>";
		};
		3BC970AE1CB7ABE4007461F4 /* Controller */ = {
			isa = PBXGroup;
			children = (
				3BC970AF1CB7ABE4007461F4 /* LINKFriendTrendsViewController.h */,
				3BC970B01CB7ABE4007461F4 /* LINKFriendTrendsViewController.m */,
			);
			path = Controller;
			sourceTree = "<group>";
		};
		3BC970B11CB7ABE4007461F4 /* Model */ = {
			isa = PBXGroup;
			children = (
			);
			path = Model;
			sourceTree = "<group>";
		};
		3BC970B21CB7ABE4007461F4 /* View */ = {
			isa = PBXGroup;
			children = (
			);
			path = View;
			sourceTree = "<group>";
		};
		3BC970B31CB7ABE4007461F4 /* Me */ = {
			isa = PBXGroup;
			children = (
				3BC970B41CB7ABE4007461F4 /* Controller */,
				3BC970B71CB7ABE4007461F4 /* Model */,
				3BC970B81CB7ABE4007461F4 /* View */,
			);
			path = Me;
			sourceTree = "<group>";
		};
		3BC970B41CB7ABE4007461F4 /* Controller */ = {
			isa = PBXGroup;
			children = (
				3BC970B51CB7ABE4007461F4 /* LINKMeViewController.h */,
				3BC970B61CB7ABE4007461F4 /* LINKMeViewController.m */,
			);
			path = Controller;
			sourceTree = "<group>";
		};
		3BC970B71CB7ABE4007461F4 /* Model */ = {
			isa = PBXGroup;
			children = (
			);
			path = Model;
			sourceTree = "<group>";
		};
		3BC970B81CB7ABE4007461F4 /* View */ = {
			isa = PBXGroup;
			children = (
			);
			path = View;
			sourceTree = "<group>";
		};
		3BC970B91CB7ABE4007461F4 /* NewPost */ = {
			isa = PBXGroup;
			children = (
				3BC970BA1CB7ABE4007461F4 /* Controller */,
				3BC970BD1CB7ABE4007461F4 /* Model */,
				3BC970BE1CB7ABE4007461F4 /* View */,
			);
			path = NewPost;
			sourceTree = "<group>";
		};
		3BC970BA1CB7ABE4007461F4 /* Controller */ = {
			isa = PBXGroup;
			children = (
				3BC970BB1CB7ABE4007461F4 /* LINKNewViewController.h */,
				3BC970BC1CB7ABE4007461F4 /* LINKNewViewController.m */,
			);
			path = Controller;
			sourceTree = "<group>";
		};
		3BC970BD1CB7ABE4007461F4 /* Model */ = {
			isa = PBXGroup;
			children = (
			);
			path = Model;
			sourceTree = "<group>";
		};
		3BC970BE1CB7ABE4007461F4 /* View */ = {
			isa = PBXGroup;
			children = (
			);
			path = View;
			sourceTree = "<group>";
		};
		3BC970BF1CB7ABE4007461F4 /* Others */ = {
			isa = PBXGroup;
			children = (
				3BC970C71CB7ABE4007461F4 /* Controller */,
				3BC970C21CB7ABE4007461F4 /* Category */,
				3BC970C01CB7ABE4007461F4 /* AppDelegate.h */,
				3BC970C11CB7ABE4007461F4 /* AppDelegate.m */,
				3BC970CA1CB7ABE4007461F4 /* main.m */,
				3BC970CB1CB7ABE4007461F4 /* PrefixHeader.pch */,
			);
			path = Others;
			sourceTree = "<group>";
		};
		3BC970C21CB7ABE4007461F4 /* Category */ = {
			isa = PBXGroup;
			children = (
				3BC970CC1CB7ABE4007461F4 /* View */,
				3BC970C31CB7ABE4007461F4 /* UIBarButtonItem+LINKExtension.h */,
				3BC970C41CB7ABE4007461F4 /* UIBarButtonItem+LINKExtension.m */,
				3BC970C51CB7ABE4007461F4 /* UIView+LINKExtension.h */,
				3BC970C61CB7ABE4007461F4 /* UIView+LINKExtension.m */,
			);
			path = Category;
			sourceTree = "<group>";
		};
		3BC970C71CB7ABE4007461F4 /* Controller */ = {
			isa = PBXGroup;
			children = (
				3BC970C81CB7ABE4007461F4 /* LINKTabBarController.h */,
				3BC970C91CB7ABE4007461F4 /* LINKTabBarController.m */,
				3BC971281CB8290D007461F4 /* LINKNavigationController.h */,
				3BC971291CB8290D007461F4 /* LINKNavigationController.m */,
			);
			path = Controller;
			sourceTree = "<group>";
		};
		3BC970CC1CB7ABE4007461F4 /* View */ = {
			isa = PBXGroup;
			children = (
				3BC970CD1CB7ABE4007461F4 /* LINKTabBar.h */,
				3BC970CE1CB7ABE4007461F4 /* LINKTabBar.m */,
			);
			name = View;
			path = ../View;
			sourceTree = "<group>";
		};
		3BF6C0001CB55408006486C2 = {
			isa = PBXGroup;
			children = (
				3BF6C00B1CB55408006486C2 /* Test-BS */,
				3BF6C0251CB55408006486C2 /* Test-BSTests */,
				3BF6C0301CB55408006486C2 /* Test-BSUITests */,
				3BF6C00A1CB55408006486C2 /* Products */,
			);
			sourceTree = "<group>";
		};
		3BF6C00A1CB55408006486C2 /* Products */ = {
			isa = PBXGroup;
			children = (
				3BF6C0091CB55408006486C2 /* Test-BS.app */,
				3BF6C0221CB55408006486C2 /* Test-BSTests.xctest */,
				3BF6C02D1CB55408006486C2 /* Test-BSUITests.xctest */,
			);
			name = Products;
			sourceTree = "<group>";
		};
		3BF6C00B1CB55408006486C2 /* Test-BS */ = {
			isa = PBXGroup;
			children = (
				3BC970A61CB7ABE4007461F4 /* Classes */,
				3BF6C00C1CB55408006486C2 /* Supporting Files */,
			);
			path = "Test-BS";
			sourceTree = "<group>";
		};
		3BF6C00C1CB55408006486C2 /* Supporting Files */ = {
			isa = PBXGroup;
			children = (
				3BF6C0181CB55408006486C2 /* Assets.xcassets */,
				3BF6C01D1CB55408006486C2 /* Info.plist */,
			);
			name = "Supporting Files";
			sourceTree = "<group>";
		};
		3BF6C0251CB55408006486C2 /* Test-BSTests */ = {
			isa = PBXGroup;
			children = (
				3BF6C0261CB55408006486C2 /* Test_BSTests.m */,
				3BF6C0281CB55408006486C2 /* Info.plist */,
			);
			path = "Test-BSTests";
			sourceTree = "<group>";
		};
		3BF6C0301CB55408006486C2 /* Test-BSUITests */ = {
			isa = PBXGroup;
			children = (
				3BF6C0311CB55408006486C2 /* Test_BSUITests.m */,
				3BF6C0331CB55408006486C2 /* Info.plist */,
			);
			path = "Test-BSUITests";
			sourceTree = "<group>";
		};
/* End PBXGroup section */

/* Begin PBXNativeTarget section */
		3BF6C0081CB55408006486C2 /* Test-BS */ = {
			isa = PBXNativeTarget;
			buildConfigurationList = 3BF6C0361CB55408006486C2 /* Build configuration list for PBXNativeTarget "Test-BS" */;
			buildPhases = (
				3BF6C0051CB55408006486C2 /* Sources */,
				3BF6C0061CB55408006486C2 /* Frameworks */,
				3BF6C0071CB55408006486C2 /* Resources */,
			);
			buildRules = (
			);
			dependencies = (
			);
			name = "Test-BS";
			productName = "Test-BS";
			productReference = 3BF6C0091CB55408006486C2 /* Test-BS.app */;
			productType = "com.apple.product-type.application";
		};
		3BF6C0211CB55408006486C2 /* Test-BSTests */ = {
			isa = PBXNativeTarget;
			buildConfigurationList = 3BF6C0391CB55408006486C2 /* Build configuration list for PBXNativeTarget "Test-BSTests" */;
			buildPhases = (
				3BF6C01E1CB55408006486C2 /* Sources */,
				3BF6C01F1CB55408006486C2 /* Frameworks */,
				3BF6C0201CB55408006486C2 /* Resources */,
			);
			buildRules = (
			);
			dependencies = (
				3BF6C0241CB55408006486C2 /* PBXTargetDependency */,
			);
			name = "Test-BSTests";
			productName = "Test-BSTests";
			productReference = 3BF6C0221CB55408006486C2 /* Test-BSTests.xctest */;
			productType = "com.apple.product-type.bundle.unit-test";
		};
		3BF6C02C1CB55408006486C2 /* Test-BSUITests */ = {
			isa = PBXNativeTarget;
			buildConfigurationList = 3BF6C03C1CB55408006486C2 /* Build configuration list for PBXNativeTarget "Test-BSUITests" */;
			buildPhases = (
				3BF6C0291CB55408006486C2 /* Sources */,
				3BF6C02A1CB55408006486C2 /* Frameworks */,
				3BF6C02B1CB55408006486C2 /* Resources */,
			);
			buildRules = (
			);
			dependencies = (
				3BF6C02F1CB55408006486C2 /* PBXTargetDependency */,
			);
			name = "Test-BSUITests";
			productName = "Test-BSUITests";
			productReference = 3BF6C02D1CB55408006486C2 /* Test-BSUITests.xctest */;
			productType = "com.apple.product-type.bundle.ui-testing";
		};
/* End PBXNativeTarget section */

/* Begin PBXProject section */
		3BF6C0011CB55408006486C2 /* Project object */ = {
			isa = PBXProject;
			attributes = {
				CLASSPREFIX = LINK;
				LastUpgradeCheck = 0720;
				ORGANIZATIONNAME = com.link;
				TargetAttributes = {
					3BF6C0081CB55408006486C2 = {
						CreatedOnToolsVersion = 7.2;
						DevelopmentTeam = Y892HGW99U;
					};
					3BF6C0211CB55408006486C2 = {
						CreatedOnToolsVersion = 7.2;
						DevelopmentTeam = Y892HGW99U;
						TestTargetID = 3BF6C0081CB55408006486C2;
					};
					3BF6C02C1CB55408006486C2 = {
						CreatedOnToolsVersion = 7.2;
						DevelopmentTeam = Y892HGW99U;
						TestTargetID = 3BF6C0081CB55408006486C2;
					};
				};
			};
			buildConfigurationList = 3BF6C0041CB55408006486C2 /* Build configuration list for PBXProject "Test-BS" */;
			compatibilityVersion = "Xcode 3.2";
			developmentRegion = English;
			hasScannedForEncodings = 0;
			knownRegions = (
				en,
				Base,
			);
			mainGroup = 3BF6C0001CB55408006486C2;
			productRefGroup = 3BF6C00A1CB55408006486C2 /* Products */;
			projectDirPath = "";
			projectRoot = "";
			targets = (
				3BF6C0081CB55408006486C2 /* Test-BS */,
				3BF6C0211CB55408006486C2 /* Test-BSTests */,
				3BF6C02C1CB55408006486C2 /* Test-BSUITests */,
			);
		};
/* End PBXProject section */

/* Begin PBXResourcesBuildPhase section */
		3BF6C0071CB55408006486C2 /* Resources */ = {
			isa = PBXResourcesBuildPhase;
			buildActionMask = 2147483647;
			files = (
				3BF6C0191CB55408006486C2 /* Assets.xcassets in Resources */,
			);
			runOnlyForDeploymentPostprocessing = 0;
		};
		3BF6C0201CB55408006486C2 /* Resources */ = {
			isa = PBXResourcesBuildPhase;
			buildActionMask = 2147483647;
			files = (
			);
			runOnlyForDeploymentPostprocessing = 0;
		};
		3BF6C02B1CB55408006486C2 /* Resources */ = {
			isa = PBXResourcesBuildPhase;
			buildActionMask = 2147483647;
			files = (
			);
			runOnlyForDeploymentPostprocessing = 0;
		};
/* End PBXResourcesBuildPhase section */

/* Begin PBXSourcesBuildPhase section */
		3BF6C0051CB55408006486C2 /* Sources */ = {
			isa = PBXSourcesBuildPhase;
			buildActionMask = 2147483647;
			files = (
				3BC970D41CB7ABE4007461F4 /* UIBarButtonItem+LINKExtension.m in Sources */,
				3BC970D01CB7ABE4007461F4 /* LINKFriendTrendsViewController.m in Sources */,
				3BC970D21CB7ABE4007461F4 /* LINKNewViewController.m in Sources */,
				3BC970D11CB7ABE4007461F4 /* LINKMeViewController.m in Sources */,
				3BC970D51CB7ABE4007461F4 /* UIView+LINKExtension.m in Sources */,
				3BC970D81CB7ABE4007461F4 /* LINKTabBar.m in Sources */,
				3BC9712A1CB8290D007461F4 /* LINKNavigationController.m in Sources */,
				3BC970CF1CB7ABE4007461F4 /* LINKEssenceViewController.m in Sources */,
				3BC970D31CB7ABE4007461F4 /* AppDelegate.m in Sources */,
				3BC970D71CB7ABE4007461F4 /* main.m in Sources */,
				3BC970D61CB7ABE4007461F4 /* LINKTabBarController.m in Sources */,
			);
			runOnlyForDeploymentPostprocessing = 0;
		};
		3BF6C01E1CB55408006486C2 /* Sources */ = {
			isa = PBXSourcesBuildPhase;
			buildActionMask = 2147483647;
			files = (
				3BF6C0271CB55408006486C2 /* Test_BSTests.m in Sources */,
			);
			runOnlyForDeploymentPostprocessing = 0;
		};
		3BF6C0291CB55408006486C2 /* Sources */ = {
			isa = PBXSourcesBuildPhase;
			buildActionMask = 2147483647;
			files = (
				3BF6C0321CB55408006486C2 /* Test_BSUITests.m in Sources */,
			);
			runOnlyForDeploymentPostprocessing = 0;
		};
/* End PBXSourcesBuildPhase section */

/* Begin PBXTargetDependency section */
		3BF6C0241CB55408006486C2 /* PBXTargetDependency */ = {
			isa = PBXTargetDependency;
			target = 3BF6C0081CB55408006486C2 /* Test-BS */;
			targetProxy = 3BF6C0231CB55408006486C2 /* PBXContainerItemProxy */;
		};
		3BF6C02F1CB55408006486C2 /* PBXTargetDependency */ = {
			isa = PBXTargetDependency;
			target = 3BF6C0081CB55408006486C2 /* Test-BS */;
			targetProxy = 3BF6C02E1CB55408006486C2 /* PBXContainerItemProxy */;
		};
/* End PBXTargetDependency section */

/* Begin XCBuildConfiguration section */
		3BF6C0341CB55408006486C2 /* Debug */ = {
			isa = XCBuildConfiguration;
			buildSettings = {
				ALWAYS_SEARCH_USER_PATHS = NO;
				CLANG_CXX_LANGUAGE_STANDARD = "gnu++0x";
				CLANG_CXX_LIBRARY = "libc++";
				CLANG_ENABLE_MODULES = YES;
				CLANG_ENABLE_OBJC_ARC = YES;
				CLANG_WARN_BOOL_CONVERSION = YES;
				CLANG_WARN_CONSTANT_CONVERSION = YES;
				CLANG_WARN_DIRECT_OBJC_ISA_USAGE = YES_ERROR;
				CLANG_WARN_EMPTY_BODY = YES;
				CLANG_WARN_ENUM_CONVERSION = YES;
				CLANG_WARN_INT_CONVERSION = YES;
				CLANG_WARN_OBJC_ROOT_CLASS = YES_ERROR;
				CLANG_WARN_UNREACHABLE_CODE = YES;
				CLANG_WARN__DUPLICATE_METHOD_MATCH = YES;
				"CODE_SIGN_IDENTITY[sdk=iphoneos*]" = "iPhone Developer";
				COPY_PHASE_STRIP = NO;
				DEBUG_INFORMATION_FORMAT = dwarf;
				ENABLE_STRICT_OBJC_MSGSEND = YES;
				ENABLE_TESTABILITY = YES;
				GCC_C_LANGUAGE_STANDARD = gnu99;
				GCC_DYNAMIC_NO_PIC = NO;
				GCC_NO_COMMON_BLOCKS = YES;
				GCC_OPTIMIZATION_LEVEL = 0;
				GCC_PREPROCESSOR_DEFINITIONS = (
					"DEBUG=1",
					"$(inherited)",
				);
				GCC_WARN_64_TO_32_BIT_CONVERSION = YES;
				GCC_WARN_ABOUT_RETURN_TYPE = YES_ERROR;
				GCC_WARN_UNDECLARED_SELECTOR = YES;
				GCC_WARN_UNINITIALIZED_AUTOS = YES_AGGRESSIVE;
				GCC_WARN_UNUSED_FUNCTION = YES;
				GCC_WARN_UNUSED_VARIABLE = YES;
				IPHONEOS_DEPLOYMENT_TARGET = 9.2;
				MTL_ENABLE_DEBUG_INFO = YES;
				ONLY_ACTIVE_ARCH = YES;
				SDKROOT = iphoneos;
				TARGETED_DEVICE_FAMILY = "1,2";
			};
			name = Debug;
		};
		3BF6C0351CB55408006486C2 /* Release */ = {
			isa = XCBuildConfiguration;
			buildSettings = {
				ALWAYS_SEARCH_USER_PATHS = NO;
				CLANG_CXX_LANGUAGE_STANDARD = "gnu++0x";
				CLANG_CXX_LIBRARY = "libc++";
				CLANG_ENABLE_MODULES = YES;
				CLANG_ENABLE_OBJC_ARC = YES;
				CLANG_WARN_BOOL_CONVERSION = YES;
				CLANG_WARN_CONSTANT_CONVERSION = YES;
				CLANG_WARN_DIRECT_OBJC_ISA_USAGE = YES_ERROR;
				CLANG_WARN_EMPTY_BODY = YES;
				CLANG_WARN_ENUM_CONVERSION = YES;
				CLANG_WARN_INT_CONVERSION = YES;
				CLANG_WARN_OBJC_ROOT_CLASS = YES_ERROR;
				CLANG_WARN_UNREACHABLE_CODE = YES;
				CLANG_WARN__DUPLICATE_METHOD_MATCH = YES;
				"CODE_SIGN_IDENTITY[sdk=iphoneos*]" = "iPhone Developer";
				COPY_PHASE_STRIP = NO;
				DEBUG_INFORMATION_FORMAT = "dwarf-with-dsym";
				ENABLE_NS_ASSERTIONS = NO;
				ENABLE_STRICT_OBJC_MSGSEND = YES;
				GCC_C_LANGUAGE_STANDARD = gnu99;
				GCC_NO_COMMON_BLOCKS = YES;
				GCC_WARN_64_TO_32_BIT_CONVERSION = YES;
				GCC_WARN_ABOUT_RETURN_TYPE = YES_ERROR;
				GCC_WARN_UNDECLARED_SELECTOR = YES;
				GCC_WARN_UNINITIALIZED_AUTOS = YES_AGGRESSIVE;
				GCC_WARN_UNUSED_FUNCTION = YES;
				GCC_WARN_UNUSED_VARIABLE = YES;
				IPHONEOS_DEPLOYMENT_TARGET = 9.2;
				MTL_ENABLE_DEBUG_INFO = NO;
				SDKROOT = iphoneos;
				TARGETED_DEVICE_FAMILY = "1,2";
				VALIDATE_PRODUCT = YES;
			};
			name = Release;
		};
		3BF6C0371CB55408006486C2 /* Debug */ = {
			isa = XCBuildConfiguration;
			buildSettings = {
				ASSETCATALOG_COMPILER_APPICON_NAME = AppIcon;
				ASSETCATALOG_COMPILER_LAUNCHIMAGE_NAME = "Brand Assets";
				GCC_PREFIX_HEADER = "Test-BS/Classes/Others/PrefixHeader.pch";
				INFOPLIST_FILE = "Test-BS/Info.plist";
				IPHONEOS_DEPLOYMENT_TARGET = 8.3;
				LD_RUNPATH_SEARCH_PATHS = "$(inherited) @executable_path/Frameworks";
				PRODUCT_BUNDLE_IDENTIFIER = "LinkinGroup.Test-BS";
				PRODUCT_NAME = "$(TARGET_NAME)";
			};
			name = Debug;
		};
		3BF6C0381CB55408006486C2 /* Release */ = {
			isa = XCBuildConfiguration;
			buildSettings = {
				ASSETCATALOG_COMPILER_APPICON_NAME = AppIcon;
				ASSETCATALOG_COMPILER_LAUNCHIMAGE_NAME = "Brand Assets";
				GCC_PREFIX_HEADER = "Test-BS/Classes/Others/PrefixHeader.pch";
				INFOPLIST_FILE = "Test-BS/Info.plist";
				IPHONEOS_DEPLOYMENT_TARGET = 8.3;
				LD_RUNPATH_SEARCH_PATHS = "$(inherited) @executable_path/Frameworks";
				PRODUCT_BUNDLE_IDENTIFIER = "LinkinGroup.Test-BS";
				PRODUCT_NAME = "$(TARGET_NAME)";
			};
			name = Release;
		};
		3BF6C03A1CB55408006486C2 /* Debug */ = {
			isa = XCBuildConfiguration;
			buildSettings = {
				BUNDLE_LOADER = "$(TEST_HOST)";
				INFOPLIST_FILE = "Test-BSTests/Info.plist";
				LD_RUNPATH_SEARCH_PATHS = "$(inherited) @executable_path/Frameworks @loader_path/Frameworks";
				PRODUCT_BUNDLE_IDENTIFIER = "LinkinGroup.Test-BSTests";
				PRODUCT_NAME = "$(TARGET_NAME)";
				TEST_HOST = "$(BUILT_PRODUCTS_DIR)/Test-BS.app/Test-BS";
			};
			name = Debug;
		};
		3BF6C03B1CB55408006486C2 /* Release */ = {
			isa = XCBuildConfiguration;
			buildSettings = {
				BUNDLE_LOADER = "$(TEST_HOST)";
				INFOPLIST_FILE = "Test-BSTests/Info.plist";
				LD_RUNPATH_SEARCH_PATHS = "$(inherited) @executable_path/Frameworks @loader_path/Frameworks";
				PRODUCT_BUNDLE_IDENTIFIER = "LinkinGroup.Test-BSTests";
				PRODUCT_NAME = "$(TARGET_NAME)";
				TEST_HOST = "$(BUILT_PRODUCTS_DIR)/Test-BS.app/Test-BS";
			};
			name = Release;
		};
		3BF6C03D1CB55408006486C2 /* Debug */ = {
			isa = XCBuildConfiguration;
			buildSettings = {
				INFOPLIST_FILE = "Test-BSUITests/Info.plist";
				LD_RUNPATH_SEARCH_PATHS = "$(inherited) @executable_path/Frameworks @loader_path/Frameworks";
				PRODUCT_BUNDLE_IDENTIFIER = "LinkinGroup.Test-BSUITests";
				PRODUCT_NAME = "$(TARGET_NAME)";
				TEST_TARGET_NAME = "Test-BS";
				USES_XCTRUNNER = YES;
			};
			name = Debug;
		};
		3BF6C03E1CB55408006486C2 /* Release */ = {
			isa = XCBuildConfiguration;
			buildSettings = {
				INFOPLIST_FILE = "Test-BSUITests/Info.plist";
				LD_RUNPATH_SEARCH_PATHS = "$(inherited) @executable_path/Frameworks @loader_path/Frameworks";
				PRODUCT_BUNDLE_IDENTIFIER = "LinkinGroup.Test-BSUITests";
				PRODUCT_NAME = "$(TARGET_NAME)";
				TEST_TARGET_NAME = "Test-BS";
				USES_XCTRUNNER = YES;
			};
			name = Release;
		};
/* End XCBuildConfiguration section */

/* Begin XCConfigurationList section */
		3BF6C0041CB55408006486C2 /* Build configuration list for PBXProject "Test-BS" */ = {
			isa = XCConfigurationList;
			buildConfigurations = (
				3BF6C0341CB55408006486C2 /* Debug */,
				3BF6C0351CB55408006486C2 /* Release */,
			);
			defaultConfigurationIsVisible = 0;
			defaultConfigurationName = Release;
		};
		3BF6C0361CB55408006486C2 /* Build configuration list for PBXNativeTarget "Test-BS" */ = {
			isa = XCConfigurationList;
			buildConfigurations = (
				3BF6C0371CB55408006486C2 /* Debug */,
				3BF6C0381CB55408006486C2 /* Release */,
			);
			defaultConfigurationIsVisible = 0;
			defaultConfigurationName = Release;
		};
		3BF6C0391CB55408006486C2 /* Build configuration list for PBXNativeTarget "Test-BSTests" */ = {
			isa = XCConfigurationList;
			buildConfigurations = (
				3BF6C03A1CB55408006486C2 /* Debug */,
				3BF6C03B1CB55408006486C2 /* Release */,
			);
			defaultConfigurationIsVisible = 0;
			defaultConfigurationName = Release;
		};
		3BF6C03C1CB55408006486C2 /* Build configuration list for PBXNativeTarget "Test-BSUITests" */ = {
			isa = XCConfigurationList;
			buildConfigurations = (
				3BF6C03D1CB55408006486C2 /* Debug */,
				3BF6C03E1CB55408006486C2 /* Release */,
			);
			defaultConfigurationIsVisible = 0;
			defaultConfigurationName = Release;
		};
/* End XCConfigurationList section */
	};
	rootObject = 3BF6C0011CB55408006486C2 /* Project object */;
}
